
Microsoft Visual Studio Solution File, Format Version 12.00
# Visual Studio Version 16
VisualStudioVersion = 16.0.32228.343
MinimumVisualStudioVersion = 10.0.40219.1
Project("{FAE04EC0-301F-11D3-BF4B-00C04F79EFBC}") = "FireTruck", "FireTruck\FireTruck.csproj", "{ADA48ECE-E80F-49B4-861F-218AA49C28E5}"
EndProject
Global
	GlobalSection(SolutionConfigurationPlatforms) = preSolution
		Debug|Any CPU = Debug|Any CPU
		Release|Any CPU = Release|Any CPU
	EndGlobalSection
	GlobalSection(ProjectConfigurationPlatforms) = postSolution
		{ADA48ECE-E80F-49B4-861F-218AA49C28E5}.Debug|Any CPU.ActiveCfg = Debug|Any CPU
		{ADA48ECE-E80F-49B4-861F-218AA49C28E5}.Debug|Any CPU.Build.0 = Debug|Any CPU
		{ADA48ECE-E80F-49B4-861F-218AA49C28E5}.Release|Any CPU.ActiveCfg = Release|Any CPU
		{ADA48ECE-E80F-49B4-861F-218AA49C28E5}.Release|Any CPU.Build.0 = Release|Any CPU
	EndGlobalSection
	GlobalSection(SolutionProperties) = preSolution
		HideSolutionNode = FALSE
	EndGlobalSection
	GlobalSection(ExtensibilityGlobals) = postSolution
		SolutionGuid = {42B959D8-9867-4C8A-8EDE-C38B8895DD20}
	EndGlobalSection
EndGlobal
