
Microsoft Visual Studio Solution File, Format Version 12.00
# Visual Studio Version 16
VisualStudioVersion = 16.0.32228.343
MinimumVisualStudioVersion = 10.0.40219.1
Project("{FAE04EC0-301F-11D3-BF4B-00C04F79EFBC}") = "CRC_Card", "CRC_Card\CRC_Card.csproj", "{C977E065-415F-4723-867E-8CEDAE4CC097}"
EndProject
Global
	GlobalSection(SolutionConfigurationPlatforms) = preSolution
		Debug|Any CPU = Debug|Any CPU
		Release|Any CPU = Release|Any CPU
	EndGlobalSection
	GlobalSection(ProjectConfigurationPlatforms) = postSolution
		{C977E065-415F-4723-867E-8CEDAE4CC097}.Debug|Any CPU.ActiveCfg = Debug|Any CPU
		{C977E065-415F-4723-867E-8CEDAE4CC097}.Debug|Any CPU.Build.0 = Debug|Any CPU
		{C977E065-415F-4723-867E-8CEDAE4CC097}.Release|Any CPU.ActiveCfg = Release|Any CPU
		{C977E065-415F-4723-867E-8CEDAE4CC097}.Release|Any CPU.Build.0 = Release|Any CPU
	EndGlobalSection
	GlobalSection(SolutionProperties) = preSolution
		HideSolutionNode = FALSE
	EndGlobalSection
	GlobalSection(ExtensibilityGlobals) = postSolution
		SolutionGuid = {45FC75E4-762A-4C4C-AA02-7AAE83B69854}
	EndGlobalSection
EndGlobal
