
Microsoft Visual Studio Solution File, Format Version 12.00
# Visual Studio Version 16
VisualStudioVersion = 16.0.32228.343
MinimumVisualStudioVersion = 10.0.40219.1
Project("{FAE04EC0-301F-11D3-BF4B-00C04F79EFBC}") = "New siginup", "New siginup\New siginup.csproj", "{B80E12F5-32D3-4A2E-B02A-57B936542254}"
EndProject
Global
	GlobalSection(SolutionConfigurationPlatforms) = preSolution
		Debug|Any CPU = Debug|Any CPU
		Release|Any CPU = Release|Any CPU
	EndGlobalSection
	GlobalSection(ProjectConfigurationPlatforms) = postSolution
		{B80E12F5-32D3-4A2E-B02A-57B936542254}.Debug|Any CPU.ActiveCfg = Debug|Any CPU
		{B80E12F5-32D3-4A2E-B02A-57B936542254}.Debug|Any CPU.Build.0 = Debug|Any CPU
		{B80E12F5-32D3-4A2E-B02A-57B936542254}.Release|Any CPU.ActiveCfg = Release|Any CPU
		{B80E12F5-32D3-4A2E-B02A-57B936542254}.Release|Any CPU.Build.0 = Release|Any CPU
	EndGlobalSection
	GlobalSection(SolutionProperties) = preSolution
		HideSolutionNode = FALSE
	EndGlobalSection
	GlobalSection(ExtensibilityGlobals) = postSolution
		SolutionGuid = {A2266BDE-23C2-4CCB-9F3A-8A0022541DF0}
	EndGlobalSection
EndGlobal
